
Microsoft Visual Studio Solution File, Format Version 12.00
# Visual Studio Version 17
VisualStudioVersion = 17.0.31919.166
MinimumVisualStudioVersion = 10.0.40219.1
Project("{9A19103F-16F7-4668-BE54-9A1E7A4F7556}") = "2020", "2020\2020.csproj", "{C7B9604B-9C22-4388-B94B-2B97E26AE9F7}"
EndProject
Project("{9A19103F-16F7-4668-BE54-9A1E7A4F7556}") = "aoc2021", "2021\aoc2021.csproj", "{50DD52E9-1CDE-4D52-A6D5-82731FD6CED9}"
EndProject
Project("{9A19103F-16F7-4668-BE54-9A1E7A4F7556}") = "Common", "Common\Common.csproj", "{C3EE9E8D-00C0-4330-8F55-5E791D427382}"
EndProject
Project("{9A19103F-16F7-4668-BE54-9A1E7A4F7556}") = "aoc2021.Tests", "2021Tests\aoc2021.Tests.csproj", "{CA625AA6-CEE2-4C93-BCCB-68968AFC71FB}"
EndProject
Project("{9A19103F-16F7-4668-BE54-9A1E7A4F7556}") = "Common.Tests", "Common.Tests\Common.Tests.csproj", "{448C6CB3-F055-4513-8B58-EA36FEEABF45}"
EndProject
Project("{9A19103F-16F7-4668-BE54-9A1E7A4F7556}") = "aoc2020.Tests", "aoc2020.Tests\aoc2020.Tests.csproj", "{F06F98C6-C10C-467D-8286-B5026107EE00}"
EndProject
Project("{9A19103F-16F7-4668-BE54-9A1E7A4F7556}") = "aoc2015", "aoc2015\aoc2015.csproj", "{A7260593-4060-4FDC-B9DD-D6BA25A9BDE3}"
EndProject
Project("{9A19103F-16F7-4668-BE54-9A1E7A4F7556}") = "aoc2015.Tests", "aoc2015.Tests\aoc2015.Tests.csproj", "{4B41CE75-5371-40D4-92D8-C25F539864FD}"
EndProject
Project("{9A19103F-16F7-4668-BE54-9A1E7A4F7556}") = "aoc2022", "aoc2022\aoc2022.csproj", "{871EECCE-21F5-43B7-89DA-A5BDB4593290}"
EndProject
Project("{9A19103F-16F7-4668-BE54-9A1E7A4F7556}") = "aoc2022.Tests", "aoc2022.Tests\aoc2022.Tests.csproj", "{00E324A9-A80A-474E-8E6E-7FE4CAE0C805}"
EndProject
Global
	GlobalSection(SolutionConfigurationPlatforms) = preSolution
		Debug|Any CPU = Debug|Any CPU
		Release|Any CPU = Release|Any CPU
	EndGlobalSection
	GlobalSection(ProjectConfigurationPlatforms) = postSolution
		{C7B9604B-9C22-4388-B94B-2B97E26AE9F7}.Debug|Any CPU.ActiveCfg = Debug|Any CPU
		{C7B9604B-9C22-4388-B94B-2B97E26AE9F7}.Debug|Any CPU.Build.0 = Debug|Any CPU
		{C7B9604B-9C22-4388-B94B-2B97E26AE9F7}.Release|Any CPU.ActiveCfg = Release|Any CPU
		{C7B9604B-9C22-4388-B94B-2B97E26AE9F7}.Release|Any CPU.Build.0 = Release|Any CPU
		{50DD52E9-1CDE-4D52-A6D5-82731FD6CED9}.Debug|Any CPU.ActiveCfg = Debug|Any CPU
		{50DD52E9-1CDE-4D52-A6D5-82731FD6CED9}.Debug|Any CPU.Build.0 = Debug|Any CPU
		{50DD52E9-1CDE-4D52-A6D5-82731FD6CED9}.Release|Any CPU.ActiveCfg = Release|Any CPU
		{50DD52E9-1CDE-4D52-A6D5-82731FD6CED9}.Release|Any CPU.Build.0 = Release|Any CPU
		{C3EE9E8D-00C0-4330-8F55-5E791D427382}.Debug|Any CPU.ActiveCfg = Debug|Any CPU
		{C3EE9E8D-00C0-4330-8F55-5E791D427382}.Debug|Any CPU.Build.0 = Debug|Any CPU
		{C3EE9E8D-00C0-4330-8F55-5E791D427382}.Release|Any CPU.ActiveCfg = Release|Any CPU
		{C3EE9E8D-00C0-4330-8F55-5E791D427382}.Release|Any CPU.Build.0 = Release|Any CPU
		{CA625AA6-CEE2-4C93-BCCB-68968AFC71FB}.Debug|Any CPU.ActiveCfg = Debug|Any CPU
		{CA625AA6-CEE2-4C93-BCCB-68968AFC71FB}.Debug|Any CPU.Build.0 = Debug|Any CPU
		{CA625AA6-CEE2-4C93-BCCB-68968AFC71FB}.Release|Any CPU.ActiveCfg = Release|Any CPU
		{CA625AA6-CEE2-4C93-BCCB-68968AFC71FB}.Release|Any CPU.Build.0 = Release|Any CPU
		{448C6CB3-F055-4513-8B58-EA36FEEABF45}.Debug|Any CPU.ActiveCfg = Debug|Any CPU
		{448C6CB3-F055-4513-8B58-EA36FEEABF45}.Debug|Any CPU.Build.0 = Debug|Any CPU
		{448C6CB3-F055-4513-8B58-EA36FEEABF45}.Release|Any CPU.ActiveCfg = Release|Any CPU
		{448C6CB3-F055-4513-8B58-EA36FEEABF45}.Release|Any CPU.Build.0 = Release|Any CPU
		{F06F98C6-C10C-467D-8286-B5026107EE00}.Debug|Any CPU.ActiveCfg = Debug|Any CPU
		{F06F98C6-C10C-467D-8286-B5026107EE00}.Debug|Any CPU.Build.0 = Debug|Any CPU
		{F06F98C6-C10C-467D-8286-B5026107EE00}.Release|Any CPU.ActiveCfg = Release|Any CPU
		{F06F98C6-C10C-467D-8286-B5026107EE00}.Release|Any CPU.Build.0 = Release|Any CPU
		{A7260593-4060-4FDC-B9DD-D6BA25A9BDE3}.Debug|Any CPU.ActiveCfg = Debug|Any CPU
		{A7260593-4060-4FDC-B9DD-D6BA25A9BDE3}.Debug|Any CPU.Build.0 = Debug|Any CPU
		{A7260593-4060-4FDC-B9DD-D6BA25A9BDE3}.Release|Any CPU.ActiveCfg = Release|Any CPU
		{A7260593-4060-4FDC-B9DD-D6BA25A9BDE3}.Release|Any CPU.Build.0 = Release|Any CPU
		{4B41CE75-5371-40D4-92D8-C25F539864FD}.Debug|Any CPU.ActiveCfg = Debug|Any CPU
		{4B41CE75-5371-40D4-92D8-C25F539864FD}.Debug|Any CPU.Build.0 = Debug|Any CPU
		{4B41CE75-5371-40D4-92D8-C25F539864FD}.Release|Any CPU.ActiveCfg = Release|Any CPU
		{4B41CE75-5371-40D4-92D8-C25F539864FD}.Release|Any CPU.Build.0 = Release|Any CPU
		{871EECCE-21F5-43B7-89DA-A5BDB4593290}.Debug|Any CPU.ActiveCfg = Debug|Any CPU
		{871EECCE-21F5-43B7-89DA-A5BDB4593290}.Debug|Any CPU.Build.0 = Debug|Any CPU
		{871EECCE-21F5-43B7-89DA-A5BDB4593290}.Release|Any CPU.ActiveCfg = Release|Any CPU
		{871EECCE-21F5-43B7-89DA-A5BDB4593290}.Release|Any CPU.Build.0 = Release|Any CPU
		{00E324A9-A80A-474E-8E6E-7FE4CAE0C805}.Debug|Any CPU.ActiveCfg = Debug|Any CPU
		{00E324A9-A80A-474E-8E6E-7FE4CAE0C805}.Debug|Any CPU.Build.0 = Debug|Any CPU
		{00E324A9-A80A-474E-8E6E-7FE4CAE0C805}.Release|Any CPU.ActiveCfg = Release|Any CPU
		{00E324A9-A80A-474E-8E6E-7FE4CAE0C805}.Release|Any CPU.Build.0 = Release|Any CPU
	EndGlobalSection
	GlobalSection(SolutionProperties) = preSolution
		HideSolutionNode = FALSE
	EndGlobalSection
	GlobalSection(ExtensibilityGlobals) = postSolution
		SolutionGuid = {41D6B646-224D-4D69-8FA2-6B9DE0DC5260}
	EndGlobalSection
EndGlobal
